
Microsoft Visual Studio Solution File, Format Version 12.00
# Visual Studio Version 16
VisualStudioVersion = 16.0.30413.136
MinimumVisualStudioVersion = 10.0.40219.1
Project("{8BC9CEB8-8B4A-11D0-8D11-00A0C91BC942}") = "HW1T1", "HW1T1\HW1T1.vcxproj", "{45164731-EA15-4751-8AD6-1F8B2C0297E7}"
EndProject
Project("{8BC9CEB8-8B4A-11D0-8D11-00A0C91BC942}") = "HW1T2", "HW1T2\HW1T2.vcxproj", "{F8FCE143-1FE4-4F67-9875-060EE6A8C9BE}"
EndProject
Project("{8BC9CEB8-8B4A-11D0-8D11-00A0C91BC942}") = "HW1T3", "HW1T3\HW1T3.vcxproj", "{E1625267-AAE3-4193-8F23-6913394453F2}"
EndProject
Project("{8BC9CEB8-8B4A-11D0-8D11-00A0C91BC942}") = "HW1T4", "equation1\equation1.vcxproj", "{EF4D14BD-4849-4A8B-9504-46AE6FC46AAF}"
EndProject
Project("{8BC9CEB8-8B4A-11D0-8D11-00A0C91BC942}") = "HW1T5", "HW1T5\HW1T5.vcxproj", "{D4A7E0DD-307E-43A6-8FAF-62D80BFFA6FF}"
EndProject
Project("{8BC9CEB8-8B4A-11D0-8D11-00A0C91BC942}") = "HW2T1", "HW2T1\HW2T1.vcxproj", "{EE5857D0-73C5-4F09-8B26-1BBC4D10A3C1}"
EndProject
Project("{8BC9CEB8-8B4A-11D0-8D11-00A0C91BC942}") = "HW2T3", "HW2T2\HW2T2.vcxproj", "{80B7E7F8-0D10-4E44-BB68-22F17B1F6443}"
EndProject
Project("{8BC9CEB8-8B4A-11D0-8D11-00A0C91BC942}") = "HW2T4", "HW2T4\HW2T4.vcxproj", "{3E448E97-1EDA-4606-BF4C-3737DF4F92E5}"
EndProject
Project("{8BC9CEB8-8B4A-11D0-8D11-00A0C91BC942}") = "HW2T5", "HW2T5\HW2T5.vcxproj", "{0111683A-E1B9-49FD-87F0-A39AB05A1734}"
EndProject
Project("{8BC9CEB8-8B4A-11D0-8D11-00A0C91BC942}") = "HW3T1", "HW3T1\HW3T1.vcxproj", "{26527BA1-DBFE-4089-A576-270308D77F4A}"
EndProject
Project("{8BC9CEB8-8B4A-11D0-8D11-00A0C91BC942}") = "HW3T2", "HW3T2\HW3T2.vcxproj", "{6963E9F9-7445-4D95-A2F4-9EBE775D0340}"
EndProject
Project("{8BC9CEB8-8B4A-11D0-8D11-00A0C91BC942}") = "HW3T3", "cop_file\cop_file.vcxproj", "{0AEED101-24EC-4BF0-82C8-22C53DCD69C7}"
EndProject
Project("{8BC9CEB8-8B4A-11D0-8D11-00A0C91BC942}") = "HW3T4", "HW3T4\HW3T4.vcxproj", "{43E7E64F-A661-47F0-B671-53A87BB3FD37}"
EndProject
Project("{8BC9CEB8-8B4A-11D0-8D11-00A0C91BC942}") = "HW2T2", "HW2T2.1\HW2T2.1.vcxproj", "{A5452FF2-0762-4DB0-B05A-05DDAAD7E19F}"
EndProject
Project("{8BC9CEB8-8B4A-11D0-8D11-00A0C91BC942}") = "HW3T5", "HW3T5\HW3T5.vcxproj", "{5C56826E-A05E-481A-B8C0-5668242906B3}"
EndProject
Project("{8BC9CEB8-8B4A-11D0-8D11-00A0C91BC942}") = "HW4T1", "HW4T1\HW4T1.vcxproj", "{BB4255B8-DC6B-4D3B-8D0D-BFE199F116FD}"
EndProject
Project("{8BC9CEB8-8B4A-11D0-8D11-00A0C91BC942}") = "HW4T2", "HW4T2\HW4T2.vcxproj", "{C18B4957-2752-4436-BA24-EBCE93CE9284}"
EndProject
Project("{8BC9CEB8-8B4A-11D0-8D11-00A0C91BC942}") = "HW4T3", "HW4T3\HW4T3.vcxproj", "{CF36CCDC-B59B-4607-B066-AD61DD3472AE}"
EndProject
Project("{8BC9CEB8-8B4A-11D0-8D11-00A0C91BC942}") = "HW4T4", "HW4T4\HW4T4.vcxproj", "{50E37638-0376-4A24-8743-3624C20B795C}"
EndProject
Project("{8BC9CEB8-8B4A-11D0-8D11-00A0C91BC942}") = "HW4T6", "HW4T6\HW4T6.vcxproj", "{A87451A7-3B25-41E7-B746-80306D87FC4F}"
EndProject
Project("{8BC9CEB8-8B4A-11D0-8D11-00A0C91BC942}") = "HW4T8", "HW4T8\HW4T8.vcxproj", "{6ECEF8CE-D787-4573-ACDD-4ECA5918AE04}"
EndProject
Project("{8BC9CEB8-8B4A-11D0-8D11-00A0C91BC942}") = "HW4T5", "HW4T5.2\HW4T5.2.vcxproj", "{486EB346-31CF-49C4-BCE2-61D7C638C4FD}"
EndProject
Project("{8BC9CEB8-8B4A-11D0-8D11-00A0C91BC942}") = "HW4T7", "HW4T7\HW4T7.vcxproj", "{407B970F-0340-4172-AB2A-D43538F0847C}"
EndProject
Project("{8BC9CEB8-8B4A-11D0-8D11-00A0C91BC942}") = "HW4T9", "HW4T9\HW4T9.vcxproj", "{49FE5F15-656B-4F7F-B1A0-DE285D6E975D}"
EndProject
Project("{8BC9CEB8-8B4A-11D0-8D11-00A0C91BC942}") = "B", "B\B.vcxproj", "{4974DB0E-97FF-45E9-B3C0-F408A48AC44A}"
EndProject
Global
	GlobalSection(SolutionConfigurationPlatforms) = preSolution
		Debug|x64 = Debug|x64
		Debug|x86 = Debug|x86
		Release|x64 = Release|x64
		Release|x86 = Release|x86
	EndGlobalSection
	GlobalSection(ProjectConfigurationPlatforms) = postSolution
		{45164731-EA15-4751-8AD6-1F8B2C0297E7}.Debug|x64.ActiveCfg = Debug|x64
		{45164731-EA15-4751-8AD6-1F8B2C0297E7}.Debug|x64.Build.0 = Debug|x64
		{45164731-EA15-4751-8AD6-1F8B2C0297E7}.Debug|x86.ActiveCfg = Debug|Win32
		{45164731-EA15-4751-8AD6-1F8B2C0297E7}.Debug|x86.Build.0 = Debug|Win32
		{45164731-EA15-4751-8AD6-1F8B2C0297E7}.Release|x64.ActiveCfg = Release|x64
		{45164731-EA15-4751-8AD6-1F8B2C0297E7}.Release|x64.Build.0 = Release|x64
		{45164731-EA15-4751-8AD6-1F8B2C0297E7}.Release|x86.ActiveCfg = Release|Win32
		{45164731-EA15-4751-8AD6-1F8B2C0297E7}.Release|x86.Build.0 = Release|Win32
		{F8FCE143-1FE4-4F67-9875-060EE6A8C9BE}.Debug|x64.ActiveCfg = Debug|x64
		{F8FCE143-1FE4-4F67-9875-060EE6A8C9BE}.Debug|x64.Build.0 = Debug|x64
		{F8FCE143-1FE4-4F67-9875-060EE6A8C9BE}.Debug|x86.ActiveCfg = Debug|Win32
		{F8FCE143-1FE4-4F67-9875-060EE6A8C9BE}.Debug|x86.Build.0 = Debug|Win32
		{F8FCE143-1FE4-4F67-9875-060EE6A8C9BE}.Release|x64.ActiveCfg = Release|x64
		{F8FCE143-1FE4-4F67-9875-060EE6A8C9BE}.Release|x64.Build.0 = Release|x64
		{F8FCE143-1FE4-4F67-9875-060EE6A8C9BE}.Release|x86.ActiveCfg = Release|Win32
		{F8FCE143-1FE4-4F67-9875-060EE6A8C9BE}.Release|x86.Build.0 = Release|Win32
		{E1625267-AAE3-4193-8F23-6913394453F2}.Debug|x64.ActiveCfg = Debug|x64
		{E1625267-AAE3-4193-8F23-6913394453F2}.Debug|x64.Build.0 = Debug|x64
		{E1625267-AAE3-4193-8F23-6913394453F2}.Debug|x86.ActiveCfg = Debug|Win32
		{E1625267-AAE3-4193-8F23-6913394453F2}.Debug|x86.Build.0 = Debug|Win32
		{E1625267-AAE3-4193-8F23-6913394453F2}.Release|x64.ActiveCfg = Release|x64
		{E1625267-AAE3-4193-8F23-6913394453F2}.Release|x64.Build.0 = Release|x64
		{E1625267-AAE3-4193-8F23-6913394453F2}.Release|x86.ActiveCfg = Release|Win32
		{E1625267-AAE3-4193-8F23-6913394453F2}.Release|x86.Build.0 = Release|Win32
		{EF4D14BD-4849-4A8B-9504-46AE6FC46AAF}.Debug|x64.ActiveCfg = Debug|x64
		{EF4D14BD-4849-4A8B-9504-46AE6FC46AAF}.Debug|x64.Build.0 = Debug|x64
		{EF4D14BD-4849-4A8B-9504-46AE6FC46AAF}.Debug|x86.ActiveCfg = Debug|Win32
		{EF4D14BD-4849-4A8B-9504-46AE6FC46AAF}.Debug|x86.Build.0 = Debug|Win32
		{EF4D14BD-4849-4A8B-9504-46AE6FC46AAF}.Release|x64.ActiveCfg = Release|x64
		{EF4D14BD-4849-4A8B-9504-46AE6FC46AAF}.Release|x64.Build.0 = Release|x64
		{EF4D14BD-4849-4A8B-9504-46AE6FC46AAF}.Release|x86.ActiveCfg = Release|Win32
		{EF4D14BD-4849-4A8B-9504-46AE6FC46AAF}.Release|x86.Build.0 = Release|Win32
		{D4A7E0DD-307E-43A6-8FAF-62D80BFFA6FF}.Debug|x64.ActiveCfg = Debug|x64
		{D4A7E0DD-307E-43A6-8FAF-62D80BFFA6FF}.Debug|x64.Build.0 = Debug|x64
		{D4A7E0DD-307E-43A6-8FAF-62D80BFFA6FF}.Debug|x86.ActiveCfg = Debug|Win32
		{D4A7E0DD-307E-43A6-8FAF-62D80BFFA6FF}.Debug|x86.Build.0 = Debug|Win32
		{D4A7E0DD-307E-43A6-8FAF-62D80BFFA6FF}.Release|x64.ActiveCfg = Release|x64
		{D4A7E0DD-307E-43A6-8FAF-62D80BFFA6FF}.Release|x64.Build.0 = Release|x64
		{D4A7E0DD-307E-43A6-8FAF-62D80BFFA6FF}.Release|x86.ActiveCfg = Release|Win32
		{D4A7E0DD-307E-43A6-8FAF-62D80BFFA6FF}.Release|x86.Build.0 = Release|Win32
		{EE5857D0-73C5-4F09-8B26-1BBC4D10A3C1}.Debug|x64.ActiveCfg = Debug|x64
		{EE5857D0-73C5-4F09-8B26-1BBC4D10A3C1}.Debug|x64.Build.0 = Debug|x64
		{EE5857D0-73C5-4F09-8B26-1BBC4D10A3C1}.Debug|x86.ActiveCfg = Debug|Win32
		{EE5857D0-73C5-4F09-8B26-1BBC4D10A3C1}.Debug|x86.Build.0 = Debug|Win32
		{EE5857D0-73C5-4F09-8B26-1BBC4D10A3C1}.Release|x64.ActiveCfg = Release|x64
		{EE5857D0-73C5-4F09-8B26-1BBC4D10A3C1}.Release|x64.Build.0 = Release|x64
		{EE5857D0-73C5-4F09-8B26-1BBC4D10A3C1}.Release|x86.ActiveCfg = Release|Win32
		{EE5857D0-73C5-4F09-8B26-1BBC4D10A3C1}.Release|x86.Build.0 = Release|Win32
		{80B7E7F8-0D10-4E44-BB68-22F17B1F6443}.Debug|x64.ActiveCfg = Debug|x64
		{80B7E7F8-0D10-4E44-BB68-22F17B1F6443}.Debug|x64.Build.0 = Debug|x64
		{80B7E7F8-0D10-4E44-BB68-22F17B1F6443}.Debug|x86.ActiveCfg = Debug|Win32
		{80B7E7F8-0D10-4E44-BB68-22F17B1F6443}.Debug|x86.Build.0 = Debug|Win32
		{80B7E7F8-0D10-4E44-BB68-22F17B1F6443}.Release|x64.ActiveCfg = Release|x64
		{80B7E7F8-0D10-4E44-BB68-22F17B1F6443}.Release|x64.Build.0 = Release|x64
		{80B7E7F8-0D10-4E44-BB68-22F17B1F6443}.Release|x86.ActiveCfg = Release|Win32
		{80B7E7F8-0D10-4E44-BB68-22F17B1F6443}.Release|x86.Build.0 = Release|Win32
		{3E448E97-1EDA-4606-BF4C-3737DF4F92E5}.Debug|x64.ActiveCfg = Debug|x64
		{3E448E97-1EDA-4606-BF4C-3737DF4F92E5}.Debug|x64.Build.0 = Debug|x64
		{3E448E97-1EDA-4606-BF4C-3737DF4F92E5}.Debug|x86.ActiveCfg = Debug|Win32
		{3E448E97-1EDA-4606-BF4C-3737DF4F92E5}.Debug|x86.Build.0 = Debug|Win32
		{3E448E97-1EDA-4606-BF4C-3737DF4F92E5}.Release|x64.ActiveCfg = Release|x64
		{3E448E97-1EDA-4606-BF4C-3737DF4F92E5}.Release|x64.Build.0 = Release|x64
		{3E448E97-1EDA-4606-BF4C-3737DF4F92E5}.Release|x86.ActiveCfg = Release|Win32
		{3E448E97-1EDA-4606-BF4C-3737DF4F92E5}.Release|x86.Build.0 = Release|Win32
		{0111683A-E1B9-49FD-87F0-A39AB05A1734}.Debug|x64.ActiveCfg = Debug|x64
		{0111683A-E1B9-49FD-87F0-A39AB05A1734}.Debug|x64.Build.0 = Debug|x64
		{0111683A-E1B9-49FD-87F0-A39AB05A1734}.Debug|x86.ActiveCfg = Debug|Win32
		{0111683A-E1B9-49FD-87F0-A39AB05A1734}.Debug|x86.Build.0 = Debug|Win32
		{0111683A-E1B9-49FD-87F0-A39AB05A1734}.Release|x64.ActiveCfg = Release|x64
		{0111683A-E1B9-49FD-87F0-A39AB05A1734}.Release|x64.Build.0 = Release|x64
		{0111683A-E1B9-49FD-87F0-A39AB05A1734}.Release|x86.ActiveCfg = Release|Win32
		{0111683A-E1B9-49FD-87F0-A39AB05A1734}.Release|x86.Build.0 = Release|Win32
		{26527BA1-DBFE-4089-A576-270308D77F4A}.Debug|x64.ActiveCfg = Debug|x64
		{26527BA1-DBFE-4089-A576-270308D77F4A}.Debug|x64.Build.0 = Debug|x64
		{26527BA1-DBFE-4089-A576-270308D77F4A}.Debug|x86.ActiveCfg = Debug|Win32
		{26527BA1-DBFE-4089-A576-270308D77F4A}.Debug|x86.Build.0 = Debug|Win32
		{26527BA1-DBFE-4089-A576-270308D77F4A}.Release|x64.ActiveCfg = Release|x64
		{26527BA1-DBFE-4089-A576-270308D77F4A}.Release|x64.Build.0 = Release|x64
		{26527BA1-DBFE-4089-A576-270308D77F4A}.Release|x86.ActiveCfg = Release|Win32
		{26527BA1-DBFE-4089-A576-270308D77F4A}.Release|x86.Build.0 = Release|Win32
		{6963E9F9-7445-4D95-A2F4-9EBE775D0340}.Debug|x64.ActiveCfg = Debug|x64
		{6963E9F9-7445-4D95-A2F4-9EBE775D0340}.Debug|x64.Build.0 = Debug|x64
		{6963E9F9-7445-4D95-A2F4-9EBE775D0340}.Debug|x86.ActiveCfg = Debug|Win32
		{6963E9F9-7445-4D95-A2F4-9EBE775D0340}.Debug|x86.Build.0 = Debug|Win32
		{6963E9F9-7445-4D95-A2F4-9EBE775D0340}.Release|x64.ActiveCfg = Release|x64
		{6963E9F9-7445-4D95-A2F4-9EBE775D0340}.Release|x64.Build.0 = Release|x64
		{6963E9F9-7445-4D95-A2F4-9EBE775D0340}.Release|x86.ActiveCfg = Release|Win32
		{6963E9F9-7445-4D95-A2F4-9EBE775D0340}.Release|x86.Build.0 = Release|Win32
		{0AEED101-24EC-4BF0-82C8-22C53DCD69C7}.Debug|x64.ActiveCfg = Debug|x64
		{0AEED101-24EC-4BF0-82C8-22C53DCD69C7}.Debug|x64.Build.0 = Debug|x64
		{0AEED101-24EC-4BF0-82C8-22C53DCD69C7}.Debug|x86.ActiveCfg = Debug|Win32
		{0AEED101-24EC-4BF0-82C8-22C53DCD69C7}.Debug|x86.Build.0 = Debug|Win32
		{0AEED101-24EC-4BF0-82C8-22C53DCD69C7}.Release|x64.ActiveCfg = Release|x64
		{0AEED101-24EC-4BF0-82C8-22C53DCD69C7}.Release|x64.Build.0 = Release|x64
		{0AEED101-24EC-4BF0-82C8-22C53DCD69C7}.Release|x86.ActiveCfg = Release|Win32
		{0AEED101-24EC-4BF0-82C8-22C53DCD69C7}.Release|x86.Build.0 = Release|Win32
		{43E7E64F-A661-47F0-B671-53A87BB3FD37}.Debug|x64.ActiveCfg = Debug|x64
		{43E7E64F-A661-47F0-B671-53A87BB3FD37}.Debug|x64.Build.0 = Debug|x64
		{43E7E64F-A661-47F0-B671-53A87BB3FD37}.Debug|x86.ActiveCfg = Debug|Win32
		{43E7E64F-A661-47F0-B671-53A87BB3FD37}.Debug|x86.Build.0 = Debug|Win32
		{43E7E64F-A661-47F0-B671-53A87BB3FD37}.Release|x64.ActiveCfg = Release|x64
		{43E7E64F-A661-47F0-B671-53A87BB3FD37}.Release|x64.Build.0 = Release|x64
		{43E7E64F-A661-47F0-B671-53A87BB3FD37}.Release|x86.ActiveCfg = Release|Win32
		{43E7E64F-A661-47F0-B671-53A87BB3FD37}.Release|x86.Build.0 = Release|Win32
		{A5452FF2-0762-4DB0-B05A-05DDAAD7E19F}.Debug|x64.ActiveCfg = Debug|x64
		{A5452FF2-0762-4DB0-B05A-05DDAAD7E19F}.Debug|x64.Build.0 = Debug|x64
		{A5452FF2-0762-4DB0-B05A-05DDAAD7E19F}.Debug|x86.ActiveCfg = Debug|Win32
		{A5452FF2-0762-4DB0-B05A-05DDAAD7E19F}.Debug|x86.Build.0 = Debug|Win32
		{A5452FF2-0762-4DB0-B05A-05DDAAD7E19F}.Release|x64.ActiveCfg = Release|x64
		{A5452FF2-0762-4DB0-B05A-05DDAAD7E19F}.Release|x64.Build.0 = Release|x64
		{A5452FF2-0762-4DB0-B05A-05DDAAD7E19F}.Release|x86.ActiveCfg = Release|Win32
		{A5452FF2-0762-4DB0-B05A-05DDAAD7E19F}.Release|x86.Build.0 = Release|Win32
		{5C56826E-A05E-481A-B8C0-5668242906B3}.Debug|x64.ActiveCfg = Debug|x64
		{5C56826E-A05E-481A-B8C0-5668242906B3}.Debug|x64.Build.0 = Debug|x64
		{5C56826E-A05E-481A-B8C0-5668242906B3}.Debug|x86.ActiveCfg = Debug|Win32
		{5C56826E-A05E-481A-B8C0-5668242906B3}.Debug|x86.Build.0 = Debug|Win32
		{5C56826E-A05E-481A-B8C0-5668242906B3}.Release|x64.ActiveCfg = Release|x64
		{5C56826E-A05E-481A-B8C0-5668242906B3}.Release|x64.Build.0 = Release|x64
		{5C56826E-A05E-481A-B8C0-5668242906B3}.Release|x86.ActiveCfg = Release|Win32
		{5C56826E-A05E-481A-B8C0-5668242906B3}.Release|x86.Build.0 = Release|Win32
		{BB4255B8-DC6B-4D3B-8D0D-BFE199F116FD}.Debug|x64.ActiveCfg = Debug|x64
		{BB4255B8-DC6B-4D3B-8D0D-BFE199F116FD}.Debug|x64.Build.0 = Debug|x64
		{BB4255B8-DC6B-4D3B-8D0D-BFE199F116FD}.Debug|x86.ActiveCfg = Debug|Win32
		{BB4255B8-DC6B-4D3B-8D0D-BFE199F116FD}.Debug|x86.Build.0 = Debug|Win32
		{BB4255B8-DC6B-4D3B-8D0D-BFE199F116FD}.Release|x64.ActiveCfg = Release|x64
		{BB4255B8-DC6B-4D3B-8D0D-BFE199F116FD}.Release|x64.Build.0 = Release|x64
		{BB4255B8-DC6B-4D3B-8D0D-BFE199F116FD}.Release|x86.ActiveCfg = Release|Win32
		{BB4255B8-DC6B-4D3B-8D0D-BFE199F116FD}.Release|x86.Build.0 = Release|Win32
		{C18B4957-2752-4436-BA24-EBCE93CE9284}.Debug|x64.ActiveCfg = Debug|x64
		{C18B4957-2752-4436-BA24-EBCE93CE9284}.Debug|x64.Build.0 = Debug|x64
		{C18B4957-2752-4436-BA24-EBCE93CE9284}.Debug|x86.ActiveCfg = Debug|Win32
		{C18B4957-2752-4436-BA24-EBCE93CE9284}.Debug|x86.Build.0 = Debug|Win32
		{C18B4957-2752-4436-BA24-EBCE93CE9284}.Release|x64.ActiveCfg = Release|x64
		{C18B4957-2752-4436-BA24-EBCE93CE9284}.Release|x64.Build.0 = Release|x64
		{C18B4957-2752-4436-BA24-EBCE93CE9284}.Release|x86.ActiveCfg = Release|Win32
		{C18B4957-2752-4436-BA24-EBCE93CE9284}.Release|x86.Build.0 = Release|Win32
		{CF36CCDC-B59B-4607-B066-AD61DD3472AE}.Debug|x64.ActiveCfg = Debug|x64
		{CF36CCDC-B59B-4607-B066-AD61DD3472AE}.Debug|x64.Build.0 = Debug|x64
		{CF36CCDC-B59B-4607-B066-AD61DD3472AE}.Debug|x86.ActiveCfg = Debug|Win32
		{CF36CCDC-B59B-4607-B066-AD61DD3472AE}.Debug|x86.Build.0 = Debug|Win32
		{CF36CCDC-B59B-4607-B066-AD61DD3472AE}.Release|x64.ActiveCfg = Release|x64
		{CF36CCDC-B59B-4607-B066-AD61DD3472AE}.Release|x64.Build.0 = Release|x64
		{CF36CCDC-B59B-4607-B066-AD61DD3472AE}.Release|x86.ActiveCfg = Release|Win32
		{CF36CCDC-B59B-4607-B066-AD61DD3472AE}.Release|x86.Build.0 = Release|Win32
		{50E37638-0376-4A24-8743-3624C20B795C}.Debug|x64.ActiveCfg = Debug|x64
		{50E37638-0376-4A24-8743-3624C20B795C}.Debug|x64.Build.0 = Debug|x64
		{50E37638-0376-4A24-8743-3624C20B795C}.Debug|x86.ActiveCfg = Debug|Win32
		{50E37638-0376-4A24-8743-3624C20B795C}.Debug|x86.Build.0 = Debug|Win32
		{50E37638-0376-4A24-8743-3624C20B795C}.Release|x64.ActiveCfg = Release|x64
		{50E37638-0376-4A24-8743-3624C20B795C}.Release|x64.Build.0 = Release|x64
		{50E37638-0376-4A24-8743-3624C20B795C}.Release|x86.ActiveCfg = Release|Win32
		{50E37638-0376-4A24-8743-3624C20B795C}.Release|x86.Build.0 = Release|Win32
		{A87451A7-3B25-41E7-B746-80306D87FC4F}.Debug|x64.ActiveCfg = Debug|x64
		{A87451A7-3B25-41E7-B746-80306D87FC4F}.Debug|x64.Build.0 = Debug|x64
		{A87451A7-3B25-41E7-B746-80306D87FC4F}.Debug|x86.ActiveCfg = Debug|Win32
		{A87451A7-3B25-41E7-B746-80306D87FC4F}.Debug|x86.Build.0 = Debug|Win32
		{A87451A7-3B25-41E7-B746-80306D87FC4F}.Release|x64.ActiveCfg = Release|x64
		{A87451A7-3B25-41E7-B746-80306D87FC4F}.Release|x64.Build.0 = Release|x64
		{A87451A7-3B25-41E7-B746-80306D87FC4F}.Release|x86.ActiveCfg = Release|Win32
		{A87451A7-3B25-41E7-B746-80306D87FC4F}.Release|x86.Build.0 = Release|Win32
		{6ECEF8CE-D787-4573-ACDD-4ECA5918AE04}.Debug|x64.ActiveCfg = Debug|x64
		{6ECEF8CE-D787-4573-ACDD-4ECA5918AE04}.Debug|x64.Build.0 = Debug|x64
		{6ECEF8CE-D787-4573-ACDD-4ECA5918AE04}.Debug|x86.ActiveCfg = Debug|Win32
		{6ECEF8CE-D787-4573-ACDD-4ECA5918AE04}.Debug|x86.Build.0 = Debug|Win32
		{6ECEF8CE-D787-4573-ACDD-4ECA5918AE04}.Release|x64.ActiveCfg = Release|x64
		{6ECEF8CE-D787-4573-ACDD-4ECA5918AE04}.Release|x64.Build.0 = Release|x64
		{6ECEF8CE-D787-4573-ACDD-4ECA5918AE04}.Release|x86.ActiveCfg = Release|Win32
		{6ECEF8CE-D787-4573-ACDD-4ECA5918AE04}.Release|x86.Build.0 = Release|Win32
		{486EB346-31CF-49C4-BCE2-61D7C638C4FD}.Debug|x64.ActiveCfg = Debug|x64
		{486EB346-31CF-49C4-BCE2-61D7C638C4FD}.Debug|x64.Build.0 = Debug|x64
		{486EB346-31CF-49C4-BCE2-61D7C638C4FD}.Debug|x86.ActiveCfg = Debug|Win32
		{486EB346-31CF-49C4-BCE2-61D7C638C4FD}.Debug|x86.Build.0 = Debug|Win32
		{486EB346-31CF-49C4-BCE2-61D7C638C4FD}.Release|x64.ActiveCfg = Release|x64
		{486EB346-31CF-49C4-BCE2-61D7C638C4FD}.Release|x64.Build.0 = Release|x64
		{486EB346-31CF-49C4-BCE2-61D7C638C4FD}.Release|x86.ActiveCfg = Release|Win32
		{486EB346-31CF-49C4-BCE2-61D7C638C4FD}.Release|x86.Build.0 = Release|Win32
		{407B970F-0340-4172-AB2A-D43538F0847C}.Debug|x64.ActiveCfg = Debug|x64
		{407B970F-0340-4172-AB2A-D43538F0847C}.Debug|x64.Build.0 = Debug|x64
		{407B970F-0340-4172-AB2A-D43538F0847C}.Debug|x86.ActiveCfg = Debug|Win32
		{407B970F-0340-4172-AB2A-D43538F0847C}.Debug|x86.Build.0 = Debug|Win32
		{407B970F-0340-4172-AB2A-D43538F0847C}.Release|x64.ActiveCfg = Release|x64
		{407B970F-0340-4172-AB2A-D43538F0847C}.Release|x64.Build.0 = Release|x64
		{407B970F-0340-4172-AB2A-D43538F0847C}.Release|x86.ActiveCfg = Release|Win32
		{407B970F-0340-4172-AB2A-D43538F0847C}.Release|x86.Build.0 = Release|Win32
		{49FE5F15-656B-4F7F-B1A0-DE285D6E975D}.Debug|x64.ActiveCfg = Debug|x64
		{49FE5F15-656B-4F7F-B1A0-DE285D6E975D}.Debug|x64.Build.0 = Debug|x64
		{49FE5F15-656B-4F7F-B1A0-DE285D6E975D}.Debug|x86.ActiveCfg = Debug|Win32
		{49FE5F15-656B-4F7F-B1A0-DE285D6E975D}.Debug|x86.Build.0 = Debug|Win32
		{49FE5F15-656B-4F7F-B1A0-DE285D6E975D}.Release|x64.ActiveCfg = Release|x64
		{49FE5F15-656B-4F7F-B1A0-DE285D6E975D}.Release|x64.Build.0 = Release|x64
		{49FE5F15-656B-4F7F-B1A0-DE285D6E975D}.Release|x86.ActiveCfg = Release|Win32
		{49FE5F15-656B-4F7F-B1A0-DE285D6E975D}.Release|x86.Build.0 = Release|Win32
		{4974DB0E-97FF-45E9-B3C0-F408A48AC44A}.Debug|x64.ActiveCfg = Debug|x64
		{4974DB0E-97FF-45E9-B3C0-F408A48AC44A}.Debug|x64.Build.0 = Debug|x64
		{4974DB0E-97FF-45E9-B3C0-F408A48AC44A}.Debug|x86.ActiveCfg = Debug|Win32
		{4974DB0E-97FF-45E9-B3C0-F408A48AC44A}.Debug|x86.Build.0 = Debug|Win32
		{4974DB0E-97FF-45E9-B3C0-F408A48AC44A}.Release|x64.ActiveCfg = Release|x64
		{4974DB0E-97FF-45E9-B3C0-F408A48AC44A}.Release|x64.Build.0 = Release|x64
		{4974DB0E-97FF-45E9-B3C0-F408A48AC44A}.Release|x86.ActiveCfg = Release|Win32
		{4974DB0E-97FF-45E9-B3C0-F408A48AC44A}.Release|x86.Build.0 = Release|Win32
	EndGlobalSection
	GlobalSection(SolutionProperties) = preSolution
		HideSolutionNode = FALSE
	EndGlobalSection
	GlobalSection(ExtensibilityGlobals) = postSolution
		SolutionGuid = {D4696446-CFB8-4DD1-BFE1-E3BA3D950673}
	EndGlobalSection
EndGlobal
